
Microsoft Visual Studio Solution File, Format Version 12.00
# Visual Studio 15
VisualStudioVersion = 15.0.28010.2050
MinimumVisualStudioVersion = 10.0.40219.1
Project("{9A19103F-16F7-4668-BE54-9A1E7A4F7556}") = "DMS.Datos", "DMS.Datos\DMS.Datos.csproj", "{E3B85D7B-5BE9-4CFD-BC30-CCE4CCBBCE32}"
EndProject
Project("{FAE04EC0-301F-11D3-BF4B-00C04F79EFBC}") = "DMS.Entidades", "DMS.Entidades\DMS.Entidades.csproj", "{3B68A67B-C367-4B60-9654-8C8093CF1945}"
EndProject
Project("{FAE04EC0-301F-11D3-BF4B-00C04F79EFBC}") = "DMS.Web", "DMS.Web\DMS.Web.csproj", "{D357060C-09CB-42C5-A4FE-C650DF7F0352}"
EndProject
Global
	GlobalSection(SolutionConfigurationPlatforms) = preSolution
		Debug|Any CPU = Debug|Any CPU
		Release|Any CPU = Release|Any CPU
	EndGlobalSection
	GlobalSection(ProjectConfigurationPlatforms) = postSolution
		{E3B85D7B-5BE9-4CFD-BC30-CCE4CCBBCE32}.Debug|Any CPU.ActiveCfg = Debug|Any CPU
		{E3B85D7B-5BE9-4CFD-BC30-CCE4CCBBCE32}.Debug|Any CPU.Build.0 = Debug|Any CPU
		{E3B85D7B-5BE9-4CFD-BC30-CCE4CCBBCE32}.Release|Any CPU.ActiveCfg = Release|Any CPU
		{E3B85D7B-5BE9-4CFD-BC30-CCE4CCBBCE32}.Release|Any CPU.Build.0 = Release|Any CPU
		{3B68A67B-C367-4B60-9654-8C8093CF1945}.Debug|Any CPU.ActiveCfg = Debug|Any CPU
		{3B68A67B-C367-4B60-9654-8C8093CF1945}.Debug|Any CPU.Build.0 = Debug|Any CPU
		{3B68A67B-C367-4B60-9654-8C8093CF1945}.Release|Any CPU.ActiveCfg = Release|Any CPU
		{3B68A67B-C367-4B60-9654-8C8093CF1945}.Release|Any CPU.Build.0 = Release|Any CPU
		{D357060C-09CB-42C5-A4FE-C650DF7F0352}.Debug|Any CPU.ActiveCfg = Debug|Any CPU
		{D357060C-09CB-42C5-A4FE-C650DF7F0352}.Debug|Any CPU.Build.0 = Debug|Any CPU
		{D357060C-09CB-42C5-A4FE-C650DF7F0352}.Release|Any CPU.ActiveCfg = Release|Any CPU
		{D357060C-09CB-42C5-A4FE-C650DF7F0352}.Release|Any CPU.Build.0 = Release|Any CPU
	EndGlobalSection
	GlobalSection(SolutionProperties) = preSolution
		HideSolutionNode = FALSE
	EndGlobalSection
	GlobalSection(ExtensibilityGlobals) = postSolution
		SolutionGuid = {ADF8B3A5-34DD-47D0-9FC1-FE53AA7572C4}
	EndGlobalSection
EndGlobal
